
Microsoft Visual Studio Solution File, Format Version 12.00
# Visual Studio Version 17
VisualStudioVersion = 17.14.36414.22 d17.14
MinimumVisualStudioVersion = 10.0.40219.1
Project("{FAE04EC0-301F-11D3-BF4B-00C04F79EFBC}") = "TTS-COMPONENTS Edu Edition - Georgia 1st", "TTS-COMPONENTS Edu Edition - Georgia 1st\TTS-COMPONENTS Edu Edition - Georgia 1st.csproj", "{934DC95B-5911-49E8-AFB5-B9CF98363219}"
EndProject
Global
	GlobalSection(SolutionConfigurationPlatforms) = preSolution
		Debug|Any CPU = Debug|Any CPU
		Release|Any CPU = Release|Any CPU
	EndGlobalSection
	GlobalSection(ProjectConfigurationPlatforms) = postSolution
		{934DC95B-5911-49E8-AFB5-B9CF98363219}.Debug|Any CPU.ActiveCfg = Debug|Any CPU
		{934DC95B-5911-49E8-AFB5-B9CF98363219}.Debug|Any CPU.Build.0 = Debug|Any CPU
		{934DC95B-5911-49E8-AFB5-B9CF98363219}.Release|Any CPU.ActiveCfg = Release|Any CPU
		{934DC95B-5911-49E8-AFB5-B9CF98363219}.Release|Any CPU.Build.0 = Release|Any CPU
	EndGlobalSection
	GlobalSection(SolutionProperties) = preSolution
		HideSolutionNode = FALSE
	EndGlobalSection
	GlobalSection(ExtensibilityGlobals) = postSolution
		SolutionGuid = {BD03C6CD-B3FB-4DDB-882B-2A2DF10F0AC9}
	EndGlobalSection
EndGlobal
