
Microsoft Visual Studio Solution File, Format Version 12.00
# Visual Studio Version 17
VisualStudioVersion = 17.14.36414.22 d17.14
MinimumVisualStudioVersion = 10.0.40219.1
Project("{FAE04EC0-301F-11D3-BF4B-00C04F79EFBC}") = "TTS-COMPONENTS Edu Edition GA 2nd", "TTS-COMPONENTS Edu Edition GA 2nd\TTS-COMPONENTS Edu Edition GA 2nd.csproj", "{2FC3BA35-150F-4FFA-BBC4-F39E630578B1}"
EndProject
Global
	GlobalSection(SolutionConfigurationPlatforms) = preSolution
		Debug|Any CPU = Debug|Any CPU
		Release|Any CPU = Release|Any CPU
	EndGlobalSection
	GlobalSection(ProjectConfigurationPlatforms) = postSolution
		{2FC3BA35-150F-4FFA-BBC4-F39E630578B1}.Debug|Any CPU.ActiveCfg = Debug|Any CPU
		{2FC3BA35-150F-4FFA-BBC4-F39E630578B1}.Debug|Any CPU.Build.0 = Debug|Any CPU
		{2FC3BA35-150F-4FFA-BBC4-F39E630578B1}.Release|Any CPU.ActiveCfg = Release|Any CPU
		{2FC3BA35-150F-4FFA-BBC4-F39E630578B1}.Release|Any CPU.Build.0 = Release|Any CPU
	EndGlobalSection
	GlobalSection(SolutionProperties) = preSolution
		HideSolutionNode = FALSE
	EndGlobalSection
	GlobalSection(ExtensibilityGlobals) = postSolution
		SolutionGuid = {347DC458-232F-4B73-9ADF-313A01D69AE9}
	EndGlobalSection
EndGlobal
